
Microsoft Visual Studio Solution File, Format Version 12.00
# Visual Studio 15
VisualStudioVersion = 15.0.27703.2035
MinimumVisualStudioVersion = 10.0.40219.1
Project("{8BC9CEB8-8B4A-11D0-8D11-00A0C91BC942}") = "CurrencyConversion", "CurrencyConversion\CurrencyConversion.vcxproj", "{D988E7E5-00CC-49A2-8072-203CDA52A957}"
EndProject
Global
	GlobalSection(SolutionConfigurationPlatforms) = preSolution
		Debug|x64 = Debug|x64
		Debug|x86 = Debug|x86
		Release|x64 = Release|x64
		Release|x86 = Release|x86
	EndGlobalSection
	GlobalSection(ProjectConfigurationPlatforms) = postSolution
		{D988E7E5-00CC-49A2-8072-203CDA52A957}.Debug|x64.ActiveCfg = Debug|x64
		{D988E7E5-00CC-49A2-8072-203CDA52A957}.Debug|x64.Build.0 = Debug|x64
		{D988E7E5-00CC-49A2-8072-203CDA52A957}.Debug|x86.ActiveCfg = Debug|Win32
		{D988E7E5-00CC-49A2-8072-203CDA52A957}.Debug|x86.Build.0 = Debug|Win32
		{D988E7E5-00CC-49A2-8072-203CDA52A957}.Release|x64.ActiveCfg = Release|x64
		{D988E7E5-00CC-49A2-8072-203CDA52A957}.Release|x64.Build.0 = Release|x64
		{D988E7E5-00CC-49A2-8072-203CDA52A957}.Release|x86.ActiveCfg = Release|Win32
		{D988E7E5-00CC-49A2-8072-203CDA52A957}.Release|x86.Build.0 = Release|Win32
	EndGlobalSection
	GlobalSection(SolutionProperties) = preSolution
		HideSolutionNode = FALSE
	EndGlobalSection
	GlobalSection(ExtensibilityGlobals) = postSolution
		SolutionGuid = {ACB9DFD6-78CF-47B6-A2F0-18B7FDD61DA6}
	EndGlobalSection
EndGlobal
